
Microsoft Visual Studio Solution File, Format Version 12.00
# Visual Studio 15
VisualStudioVersion = 15.0.26730.16
MinimumVisualStudioVersion = 10.0.40219.1
Project("{FAE04EC0-301F-11D3-BF4B-00C04F79EFBC}") = "helloworld", "helloworld\helloworld.csproj", "{FEFF128E-962F-4B67-BDCA-340392889973}"
EndProject
Global
	GlobalSection(SolutionConfigurationPlatforms) = preSolution
		Debug|Any CPU = Debug|Any CPU
		Release|Any CPU = Release|Any CPU
	EndGlobalSection
	GlobalSection(ProjectConfigurationPlatforms) = postSolution
		{FEFF128E-962F-4B67-BDCA-340392889973}.Debug|Any CPU.ActiveCfg = Debug|Any CPU
		{FEFF128E-962F-4B67-BDCA-340392889973}.Debug|Any CPU.Build.0 = Debug|Any CPU
		{FEFF128E-962F-4B67-BDCA-340392889973}.Release|Any CPU.ActiveCfg = Release|Any CPU
		{FEFF128E-962F-4B67-BDCA-340392889973}.Release|Any CPU.Build.0 = Release|Any CPU
	EndGlobalSection
	GlobalSection(SolutionProperties) = preSolution
		HideSolutionNode = FALSE
	EndGlobalSection
	GlobalSection(ExtensibilityGlobals) = postSolution
		SolutionGuid = {FCCCC489-8B7D-464F-B98D-6CE4BA02D225}
	EndGlobalSection
EndGlobal
